{
  "name": "fly_fishing_flask_app",
  "lockfileVersion": 3,
  "requires": true,
  "packages": {
    "": {
      "name": "fly_fishing_flask_app",
      "dependencies": {
        "dotenv": "^16.0.3",
        "googlemaps": "^0.1.5"
      },
      "devDependencies": {
        "@types/node": "^18.16.1"
      }
    },
    "node_modules/@types/node": {
      "version": "18.16.1",
      "resolved": "https://registry.npmjs.org/@types/node/-/node-18.16.1.tgz",
      "integrity": "sha512-DZxSZWXxFfOlx7k7Rv4LAyiMroaxa3Ly/7OOzZO8cBNho0YzAi4qlbrx8W27JGqG57IgR/6J7r+nOJWw6kcvZA==",
      "dev": true
    },
    "node_modules/dotenv": {
      "version": "16.0.3",
      "resolved": "https://registry.npmjs.org/dotenv/-/dotenv-16.0.3.tgz",
      "integrity": "sha512-7GO6HghkA5fYG9TYnNxi14/7K9f5occMlp3zXAuSxn7CKCxt9xbNWG7yF8hTCSUchlfWSe3uLmlPfigevRItzQ==",
      "engines": {
        "node": ">=12"
      }
    },
    "node_modules/googlemaps": {
      "version": "0.1.5",
      "resolved": "https://registry.npmjs.org/googlemaps/-/googlemaps-0.1.5.tgz",
      "integrity": "sha512-eLBRWjNm31d8XIpqzztGBQnXHaWPtLuDYo0DCksz5i+Lb5FuPj/QuwtBcUN7i/7iVU5S0PqCr2ltWOczbWFNYw==",
      "engines": {
        "node": ">=0.3.6"
      }
    }
  }
}
